// !$*UTF8*$!
{
	archiveVersion = 1;
	classes = {
	};
	objectVersion = 46;
	objects = {

/* Begin PBXBuildFile section */
		150CFB041D019AA600CBF3CA /* AppDelegate.swift in Sources */ = {isa = PBXBuildFile; fileRef = 150CFB031D019AA600CBF3CA /* AppDelegate.swift */; };
		150CFB091D019AA600CBF3CA /* Main.storyboard in Resources */ = {isa = PBXBuildFile; fileRef = 150CFB071D019AA600CBF3CA /* Main.storyboard */; };
		150CFB0C1D019AA600CBF3CA /* Smashtag.xcdatamodeld in Sources */ = {isa = PBXBuildFile; fileRef = 150CFB0A1D019AA600CBF3CA /* Smashtag.xcdatamodeld */; };
		150CFB0E1D019AA600CBF3CA /* Assets.xcassets in Resources */ = {isa = PBXBuildFile; fileRef = 150CFB0D1D019AA600CBF3CA /* Assets.xcassets */; };
		150CFB111D019AA600CBF3CA /* LaunchScreen.storyboard in Resources */ = {isa = PBXBuildFile; fileRef = 150CFB0F1D019AA600CBF3CA /* LaunchScreen.storyboard */; };
		150CFB1C1D019AA600CBF3CA /* SmashtagTests.swift in Sources */ = {isa = PBXBuildFile; fileRef = 150CFB1B1D019AA600CBF3CA /* SmashtagTests.swift */; };
		150CFB271D019AA600CBF3CA /* SmashtagUITests.swift in Sources */ = {isa = PBXBuildFile; fileRef = 150CFB261D019AA600CBF3CA /* SmashtagUITests.swift */; };
		150CFB361D019B3500CBF3CA /* TweetTableViewController.swift in Sources */ = {isa = PBXBuildFile; fileRef = 150CFB351D019B3500CBF3CA /* TweetTableViewController.swift */; };
		150CFB3C1D01C65C00CBF3CA /* Constants.swift in Sources */ = {isa = PBXBuildFile; fileRef = 150CFB3B1D01C65C00CBF3CA /* Constants.swift */; };
		155A8CC31D1731E70001C358 /* Mention.swift in Sources */ = {isa = PBXBuildFile; fileRef = 155A8CC11D1731E70001C358 /* Mention.swift */; };
		15804F291EAC04D000863356 /* TweetCustomImageFlowLayout.swift in Sources */ = {isa = PBXBuildFile; fileRef = 15804F281EAC04D000863356 /* TweetCustomImageFlowLayout.swift */; };
		15815B661EB277EE00612896 /* TweetCoreDataViewController.swift in Sources */ = {isa = PBXBuildFile; fileRef = 15815B651EB277EE00612896 /* TweetCoreDataViewController.swift */; };
		15A2AAB11D0432410015190A /* TweetCollectionViewController.swift in Sources */ = {isa = PBXBuildFile; fileRef = 15A2AAB01D0432410015190A /* TweetCollectionViewController.swift */; };
		15A2AAB31D0432540015190A /* TweetCollectionViewCell.swift in Sources */ = {isa = PBXBuildFile; fileRef = 15A2AAB21D0432540015190A /* TweetCollectionViewCell.swift */; };
		15A2BF731D0D5A5B00944F4C /* TweetersTableViewController.swift in Sources */ = {isa = PBXBuildFile; fileRef = 15A2BF721D0D5A5B00944F4C /* TweetersTableViewController.swift */; };
		15A2BF9A1D0D5E6200944F4C /* TwitterUser.swift in Sources */ = {isa = PBXBuildFile; fileRef = 15A2BF961D0D5E6200944F4C /* TwitterUser.swift */; };
		15A2BF9C1D0D5E6200944F4C /* Tweet.swift in Sources */ = {isa = PBXBuildFile; fileRef = 15A2BF981D0D5E6200944F4C /* Tweet.swift */; };
		15A2BF9F1D0D6A3E00944F4C /* CoreDataTableViewController.swift in Sources */ = {isa = PBXBuildFile; fileRef = 15A2BF9E1D0D6A3E00944F4C /* CoreDataTableViewController.swift */; };
		15AE95B81D189376009078EE /* TwitterMentionsPopularityViewController.swift in Sources */ = {isa = PBXBuildFile; fileRef = 15AE95B71D189376009078EE /* TwitterMentionsPopularityViewController.swift */; };
		15B6557B1EFB198200DE708B /* Twitter.framework in Frameworks */ = {isa = PBXBuildFile; fileRef = 15B6557A1EFB198200DE708B /* Twitter.framework */; };
		15B6557C1EFB198200DE708B /* Twitter.framework in Embed Frameworks */ = {isa = PBXBuildFile; fileRef = 15B6557A1EFB198200DE708B /* Twitter.framework */; settings = {ATTRIBUTES = (CodeSignOnCopy, RemoveHeadersOnCopy, ); }; };
		15CED38C1D02E86100AD6FFC /* TweetTableViewMediaCell.swift in Sources */ = {isa = PBXBuildFile; fileRef = 15CED38B1D02E86100AD6FFC /* TweetTableViewMediaCell.swift */; };
		15CED38E1D02E9FE00AD6FFC /* TweetMentionsTableViewController.swift in Sources */ = {isa = PBXBuildFile; fileRef = 15CED38D1D02E9FE00AD6FFC /* TweetMentionsTableViewController.swift */; };
		15CED3901D03389000AD6FFC /* TweetImageViewController.swift in Sources */ = {isa = PBXBuildFile; fileRef = 15CED38F1D03389000AD6FFC /* TweetImageViewController.swift */; };
		15CED3921D0351D800AD6FFC /* TweetHistoryTableViewController.swift in Sources */ = {isa = PBXBuildFile; fileRef = 15CED3911D0351D800AD6FFC /* TweetHistoryTableViewController.swift */; };
		15CED3941D03522900AD6FFC /* TweetHistory.swift in Sources */ = {isa = PBXBuildFile; fileRef = 15CED3931D03522900AD6FFC /* TweetHistory.swift */; };
		15DCC2CA1D01C9FB00E04E17 /* TweetTableViewCell.swift in Sources */ = {isa = PBXBuildFile; fileRef = 15DCC2C91D01C9FB00E04E17 /* TweetTableViewCell.swift */; };
		15ED63B21EB62DFC00F603BA /* FetchedResultsTableViewController.swift in Sources */ = {isa = PBXBuildFile; fileRef = 15ED63B11EB62DFC00F603BA /* FetchedResultsTableViewController.swift */; };
		15EEEC961EB49CB500433B59 /* TweetCoreDataHistoryViewController.swift in Sources */ = {isa = PBXBuildFile; fileRef = 15EEEC951EB49CB500433B59 /* TweetCoreDataHistoryViewController.swift */; };
/* End PBXBuildFile section */

/* Begin PBXContainerItemProxy section */
		150CFB181D019AA600CBF3CA /* PBXContainerItemProxy */ = {
			isa = PBXContainerItemProxy;
			containerPortal = 150CFAF81D019AA500CBF3CA /* Project object */;
			proxyType = 1;
			remoteGlobalIDString = 150CFAFF1D019AA500CBF3CA;
			remoteInfo = Smashtag;
		};
		150CFB231D019AA600CBF3CA /* PBXContainerItemProxy */ = {
			isa = PBXContainerItemProxy;
			containerPortal = 150CFAF81D019AA500CBF3CA /* Project object */;
			proxyType = 1;
			remoteGlobalIDString = 150CFAFF1D019AA500CBF3CA;
			remoteInfo = Smashtag;
		};
/* End PBXContainerItemProxy section */

/* Begin PBXCopyFilesBuildPhase section */
		153A41CB1E994CA300EF74E3 /* Embed Frameworks */ = {
			isa = PBXCopyFilesBuildPhase;
			buildActionMask = 2147483647;
			dstPath = "";
			dstSubfolderSpec = 10;
			files = (
				15B6557C1EFB198200DE708B /* Twitter.framework in Embed Frameworks */,
			);
			name = "Embed Frameworks";
			runOnlyForDeploymentPostprocessing = 0;
		};
/* End PBXCopyFilesBuildPhase section */

/* Begin PBXFileReference section */
		150CFB001D019AA500CBF3CA /* Smashtag.app */ = {isa = PBXFileReference; explicitFileType = wrapper.application; includeInIndex = 0; path = Smashtag.app; sourceTree = BUILT_PRODUCTS_DIR; };
		150CFB031D019AA600CBF3CA /* AppDelegate.swift */ = {isa = PBXFileReference; lastKnownFileType = sourcecode.swift; path = AppDelegate.swift; sourceTree = "<group>"; };
		150CFB081D019AA600CBF3CA /* Base */ = {isa = PBXFileReference; lastKnownFileType = file.storyboard; name = Base; path = Base.lproj/Main.storyboard; sourceTree = "<group>"; };
		150CFB0B1D019AA600CBF3CA /* Smashtag.xcdatamodel */ = {isa = PBXFileReference; lastKnownFileType = wrapper.xcdatamodel; path = Smashtag.xcdatamodel; sourceTree = "<group>"; };
		150CFB0D1D019AA600CBF3CA /* Assets.xcassets */ = {isa = PBXFileReference; lastKnownFileType = folder.assetcatalog; path = Assets.xcassets; sourceTree = "<group>"; };
		150CFB101D019AA600CBF3CA /* Base */ = {isa = PBXFileReference; lastKnownFileType = file.storyboard; name = Base; path = Base.lproj/LaunchScreen.storyboard; sourceTree = "<group>"; };
		150CFB121D019AA600CBF3CA /* Info.plist */ = {isa = PBXFileReference; lastKnownFileType = text.plist.xml; path = Info.plist; sourceTree = "<group>"; };
		150CFB171D019AA600CBF3CA /* SmashtagTests.xctest */ = {isa = PBXFileReference; explicitFileType = wrapper.cfbundle; includeInIndex = 0; path = SmashtagTests.xctest; sourceTree = BUILT_PRODUCTS_DIR; };
		150CFB1B1D019AA600CBF3CA /* SmashtagTests.swift */ = {isa = PBXFileReference; lastKnownFileType = sourcecode.swift; path = SmashtagTests.swift; sourceTree = "<group>"; };
		150CFB1D1D019AA600CBF3CA /* Info.plist */ = {isa = PBXFileReference; lastKnownFileType = text.plist.xml; path = Info.plist; sourceTree = "<group>"; };
		150CFB221D019AA600CBF3CA /* SmashtagUITests.xctest */ = {isa = PBXFileReference; explicitFileType = wrapper.cfbundle; includeInIndex = 0; path = SmashtagUITests.xctest; sourceTree = BUILT_PRODUCTS_DIR; };
		150CFB261D019AA600CBF3CA /* SmashtagUITests.swift */ = {isa = PBXFileReference; lastKnownFileType = sourcecode.swift; path = SmashtagUITests.swift; sourceTree = "<group>"; };
		150CFB281D019AA600CBF3CA /* Info.plist */ = {isa = PBXFileReference; lastKnownFileType = text.plist.xml; path = Info.plist; sourceTree = "<group>"; };
		150CFB351D019B3500CBF3CA /* TweetTableViewController.swift */ = {isa = PBXFileReference; fileEncoding = 4; lastKnownFileType = sourcecode.swift; path = TweetTableViewController.swift; sourceTree = "<group>"; };
		150CFB3B1D01C65C00CBF3CA /* Constants.swift */ = {isa = PBXFileReference; fileEncoding = 4; lastKnownFileType = sourcecode.swift; path = Constants.swift; sourceTree = "<group>"; };
		155A8CC11D1731E70001C358 /* Mention.swift */ = {isa = PBXFileReference; fileEncoding = 4; lastKnownFileType = sourcecode.swift; path = Mention.swift; sourceTree = "<group>"; };
		15804F281EAC04D000863356 /* TweetCustomImageFlowLayout.swift */ = {isa = PBXFileReference; fileEncoding = 4; lastKnownFileType = sourcecode.swift; path = TweetCustomImageFlowLayout.swift; sourceTree = "<group>"; };
		15815B651EB277EE00612896 /* TweetCoreDataViewController.swift */ = {isa = PBXFileReference; fileEncoding = 4; lastKnownFileType = sourcecode.swift; path = TweetCoreDataViewController.swift; sourceTree = "<group>"; };
		15A2AAB01D0432410015190A /* TweetCollectionViewController.swift */ = {isa = PBXFileReference; fileEncoding = 4; lastKnownFileType = sourcecode.swift; path = TweetCollectionViewController.swift; sourceTree = "<group>"; };
		15A2AAB21D0432540015190A /* TweetCollectionViewCell.swift */ = {isa = PBXFileReference; fileEncoding = 4; lastKnownFileType = sourcecode.swift; path = TweetCollectionViewCell.swift; sourceTree = "<group>"; };
		15A2BF721D0D5A5B00944F4C /* TweetersTableViewController.swift */ = {isa = PBXFileReference; fileEncoding = 4; lastKnownFileType = sourcecode.swift; path = TweetersTableViewController.swift; sourceTree = "<group>"; };
		15A2BF961D0D5E6200944F4C /* TwitterUser.swift */ = {isa = PBXFileReference; fileEncoding = 4; lastKnownFileType = sourcecode.swift; path = TwitterUser.swift; sourceTree = "<group>"; };
		15A2BF981D0D5E6200944F4C /* Tweet.swift */ = {isa = PBXFileReference; fileEncoding = 4; lastKnownFileType = sourcecode.swift; path = Tweet.swift; sourceTree = "<group>"; };
		15A2BF9E1D0D6A3E00944F4C /* CoreDataTableViewController.swift */ = {isa = PBXFileReference; fileEncoding = 4; lastKnownFileType = sourcecode.swift; path = CoreDataTableViewController.swift; sourceTree = "<group>"; };
		15AE95B71D189376009078EE /* TwitterMentionsPopularityViewController.swift */ = {isa = PBXFileReference; fileEncoding = 4; lastKnownFileType = sourcecode.swift; path = TwitterMentionsPopularityViewController.swift; sourceTree = "<group>"; };
		15B6557A1EFB198200DE708B /* Twitter.framework */ = {isa = PBXFileReference; explicitFileType = wrapper.framework; path = Twitter.framework; sourceTree = BUILT_PRODUCTS_DIR; };
		15CED38B1D02E86100AD6FFC /* TweetTableViewMediaCell.swift */ = {isa = PBXFileReference; fileEncoding = 4; lastKnownFileType = sourcecode.swift; path = TweetTableViewMediaCell.swift; sourceTree = "<group>"; };
		15CED38D1D02E9FE00AD6FFC /* TweetMentionsTableViewController.swift */ = {isa = PBXFileReference; fileEncoding = 4; lastKnownFileType = sourcecode.swift; path = TweetMentionsTableViewController.swift; sourceTree = "<group>"; };
		15CED38F1D03389000AD6FFC /* TweetImageViewController.swift */ = {isa = PBXFileReference; fileEncoding = 4; lastKnownFileType = sourcecode.swift; path = TweetImageViewController.swift; sourceTree = "<group>"; };
		15CED3911D0351D800AD6FFC /* TweetHistoryTableViewController.swift */ = {isa = PBXFileReference; fileEncoding = 4; lastKnownFileType = sourcecode.swift; path = TweetHistoryTableViewController.swift; sourceTree = "<group>"; };
		15CED3931D03522900AD6FFC /* TweetHistory.swift */ = {isa = PBXFileReference; fileEncoding = 4; lastKnownFileType = sourcecode.swift; path = TweetHistory.swift; sourceTree = "<group>"; };
		15DCC2C91D01C9FB00E04E17 /* TweetTableViewCell.swift */ = {isa = PBXFileReference; fileEncoding = 4; lastKnownFileType = sourcecode.swift; path = TweetTableViewCell.swift; sourceTree = "<group>"; };
		15EAD4631E06EFBF005BF634 /* Twitter.framework */ = {isa = PBXFileReference; lastKnownFileType = wrapper.framework; name = Twitter.framework; path = "../../../Library/Developer/Xcode/DerivedData/SmashtagWorkspace-gxciwzenneujupbnmfamnchfcxxw/Build/Products/Debug-iphoneos/Twitter.framework"; sourceTree = "<group>"; };
		15ED63B11EB62DFC00F603BA /* FetchedResultsTableViewController.swift */ = {isa = PBXFileReference; fileEncoding = 4; lastKnownFileType = sourcecode.swift; path = FetchedResultsTableViewController.swift; sourceTree = "<group>"; };
		15EEEC951EB49CB500433B59 /* TweetCoreDataHistoryViewController.swift */ = {isa = PBXFileReference; fileEncoding = 4; lastKnownFileType = sourcecode.swift; path = TweetCoreDataHistoryViewController.swift; sourceTree = "<group>"; };
/* End PBXFileReference section */

/* Begin PBXFrameworksBuildPhase section */
		150CFAFD1D019AA500CBF3CA /* Frameworks */ = {
			isa = PBXFrameworksBuildPhase;
			buildActionMask = 2147483647;
			files = (
				15B6557B1EFB198200DE708B /* Twitter.framework in Frameworks */,
			);
			runOnlyForDeploymentPostprocessing = 0;
		};
		150CFB141D019AA600CBF3CA /* Frameworks */ = {
			isa = PBXFrameworksBuildPhase;
			buildActionMask = 2147483647;
			files = (
			);
			runOnlyForDeploymentPostprocessing = 0;
		};
		150CFB1F1D019AA600CBF3CA /* Frameworks */ = {
			isa = PBXFrameworksBuildPhase;
			buildActionMask = 2147483647;
			files = (
			);
			runOnlyForDeploymentPostprocessing = 0;
		};
/* End PBXFrameworksBuildPhase section */

/* Begin PBXGroup section */
		150CFAF71D019AA500CBF3CA = {
			isa = PBXGroup;
			children = (
				15B6557A1EFB198200DE708B /* Twitter.framework */,
				150CFB021D019AA500CBF3CA /* Smashtag */,
				150CFB1A1D019AA600CBF3CA /* SmashtagTests */,
				150CFB251D019AA600CBF3CA /* SmashtagUITests */,
				150CFB011D019AA500CBF3CA /* Products */,
				15EAD4621E06EFBF005BF634 /* Frameworks */,
			);
			sourceTree = "<group>";
		};
		150CFB011D019AA500CBF3CA /* Products */ = {
			isa = PBXGroup;
			children = (
				150CFB001D019AA500CBF3CA /* Smashtag.app */,
				150CFB171D019AA600CBF3CA /* SmashtagTests.xctest */,
				150CFB221D019AA600CBF3CA /* SmashtagUITests.xctest */,
			);
			name = Products;
			sourceTree = "<group>";
		};
		150CFB021D019AA500CBF3CA /* Smashtag */ = {
			isa = PBXGroup;
			children = (
				150CFB341D019ADF00CBF3CA /* Supporting Files */,
				15A2BF9D1D0D5EE900944F4C /* CoreData */,
				15A03B661D1B357100C4B272 /* Controller */,
				15A03B671D1B35A800C4B272 /* View */,
				15CED3931D03522900AD6FFC /* TweetHistory.swift */,
				150CFB3B1D01C65C00CBF3CA /* Constants.swift */,
				15804F281EAC04D000863356 /* TweetCustomImageFlowLayout.swift */,
			);
			path = Smashtag;
			sourceTree = "<group>";
		};
		150CFB1A1D019AA600CBF3CA /* SmashtagTests */ = {
			isa = PBXGroup;
			children = (
				150CFB1B1D019AA600CBF3CA /* SmashtagTests.swift */,
				150CFB1D1D019AA600CBF3CA /* Info.plist */,
			);
			path = SmashtagTests;
			sourceTree = "<group>";
		};
		150CFB251D019AA600CBF3CA /* SmashtagUITests */ = {
			isa = PBXGroup;
			children = (
				150CFB261D019AA600CBF3CA /* SmashtagUITests.swift */,
				150CFB281D019AA600CBF3CA /* Info.plist */,
			);
			path = SmashtagUITests;
			sourceTree = "<group>";
		};
		150CFB341D019ADF00CBF3CA /* Supporting Files */ = {
			isa = PBXGroup;
			children = (
				150CFB071D019AA600CBF3CA /* Main.storyboard */,
				150CFB031D019AA600CBF3CA /* AppDelegate.swift */,
				150CFB0D1D019AA600CBF3CA /* Assets.xcassets */,
				150CFB0F1D019AA600CBF3CA /* LaunchScreen.storyboard */,
				150CFB121D019AA600CBF3CA /* Info.plist */,
				150CFB0A1D019AA600CBF3CA /* Smashtag.xcdatamodeld */,
			);
			name = "Supporting Files";
			sourceTree = "<group>";
		};
		15A03B661D1B357100C4B272 /* Controller */ = {
			isa = PBXGroup;
			children = (
				15AE95B71D189376009078EE /* TwitterMentionsPopularityViewController.swift */,
				15A2BF721D0D5A5B00944F4C /* TweetersTableViewController.swift */,
				15A2AAB01D0432410015190A /* TweetCollectionViewController.swift */,
				15CED3911D0351D800AD6FFC /* TweetHistoryTableViewController.swift */,
				15EEEC951EB49CB500433B59 /* TweetCoreDataHistoryViewController.swift */,
				15CED38F1D03389000AD6FFC /* TweetImageViewController.swift */,
				15CED38D1D02E9FE00AD6FFC /* TweetMentionsTableViewController.swift */,
				150CFB351D019B3500CBF3CA /* TweetTableViewController.swift */,
				15815B651EB277EE00612896 /* TweetCoreDataViewController.swift */,
			);
			name = Controller;
			sourceTree = "<group>";
		};
		15A03B671D1B35A800C4B272 /* View */ = {
			isa = PBXGroup;
			children = (
				15A2AAB21D0432540015190A /* TweetCollectionViewCell.swift */,
				15DCC2C91D01C9FB00E04E17 /* TweetTableViewCell.swift */,
				15CED38B1D02E86100AD6FFC /* TweetTableViewMediaCell.swift */,
			);
			name = View;
			sourceTree = "<group>";
		};
		15A2BF9D1D0D5EE900944F4C /* CoreData */ = {
			isa = PBXGroup;
			children = (
				15A2BF9E1D0D6A3E00944F4C /* CoreDataTableViewController.swift */,
				15ED63B11EB62DFC00F603BA /* FetchedResultsTableViewController.swift */,
				155A8CC11D1731E70001C358 /* Mention.swift */,
				15A2BF961D0D5E6200944F4C /* TwitterUser.swift */,
				15A2BF981D0D5E6200944F4C /* Tweet.swift */,
			);
			name = CoreData;
			sourceTree = "<group>";
		};
		15EAD4621E06EFBF005BF634 /* Frameworks */ = {
			isa = PBXGroup;
			children = (
				15EAD4631E06EFBF005BF634 /* Twitter.framework */,
			);
			name = Frameworks;
			sourceTree = "<group>";
		};
/* End PBXGroup section */

/* Begin PBXNativeTarget section */
		150CFAFF1D019AA500CBF3CA /* Smashtag */ = {
			isa = PBXNativeTarget;
			buildConfigurationList = 150CFB2B1D019AA600CBF3CA /* Build configuration list for PBXNativeTarget "Smashtag" */;
			buildPhases = (
				150CFAFC1D019AA500CBF3CA /* Sources */,
				150CFAFD1D019AA500CBF3CA /* Frameworks */,
				150CFAFE1D019AA500CBF3CA /* Resources */,
				153A41CB1E994CA300EF74E3 /* Embed Frameworks */,
			);
			buildRules = (
			);
			dependencies = (
			);
			name = Smashtag;
			productName = Smashtag;
			productReference = 150CFB001D019AA500CBF3CA /* Smashtag.app */;
			productType = "com.apple.product-type.application";
		};
		150CFB161D019AA600CBF3CA /* SmashtagTests */ = {
			isa = PBXNativeTarget;
			buildConfigurationList = 150CFB2E1D019AA600CBF3CA /* Build configuration list for PBXNativeTarget "SmashtagTests" */;
			buildPhases = (
				150CFB131D019AA600CBF3CA /* Sources */,
				150CFB141D019AA600CBF3CA /* Frameworks */,
				150CFB151D019AA600CBF3CA /* Resources */,
			);
			buildRules = (
			);
			dependencies = (
				150CFB191D019AA600CBF3CA /* PBXTargetDependency */,
			);
			name = SmashtagTests;
			productName = SmashtagTests;
			productReference = 150CFB171D019AA600CBF3CA /* SmashtagTests.xctest */;
			productType = "com.apple.product-type.bundle.unit-test";
		};
		150CFB211D019AA600CBF3CA /* SmashtagUITests */ = {
			isa = PBXNativeTarget;
			buildConfigurationList = 150CFB311D019AA600CBF3CA /* Build configuration list for PBXNativeTarget "SmashtagUITests" */;
			buildPhases = (
				150CFB1E1D019AA600CBF3CA /* Sources */,
				150CFB1F1D019AA600CBF3CA /* Frameworks */,
				150CFB201D019AA600CBF3CA /* Resources */,
			);
			buildRules = (
			);
			dependencies = (
				150CFB241D019AA600CBF3CA /* PBXTargetDependency */,
			);
			name = SmashtagUITests;
			productName = SmashtagUITests;
			productReference = 150CFB221D019AA600CBF3CA /* SmashtagUITests.xctest */;
			productType = "com.apple.product-type.bundle.ui-testing";
		};
/* End PBXNativeTarget section */

/* Begin PBXProject section */
		150CFAF81D019AA500CBF3CA /* Project object */ = {
			isa = PBXProject;
			attributes = {
				LastSwiftUpdateCheck = 0720;
				LastUpgradeCheck = 0810;
				ORGANIZATIONNAME = michelangelo;
				TargetAttributes = {
					150CFAFF1D019AA500CBF3CA = {
						CreatedOnToolsVersion = 7.2;
						DevelopmentTeam = AUFQ3J8C8H;
						LastSwiftMigration = 0820;
					};
					150CFB161D019AA600CBF3CA = {
						CreatedOnToolsVersion = 7.2;
						LastSwiftMigration = 0820;
						TestTargetID = 150CFAFF1D019AA500CBF3CA;
					};
					150CFB211D019AA600CBF3CA = {
						CreatedOnToolsVersion = 7.2;
						LastSwiftMigration = 0820;
						TestTargetID = 150CFAFF1D019AA500CBF3CA;
					};
				};
			};
			buildConfigurationList = 150CFAFB1D019AA500CBF3CA /* Build configuration list for PBXProject "Smashtag" */;
			compatibilityVersion = "Xcode 3.2";
			developmentRegion = English;
			hasScannedForEncodings = 0;
			knownRegions = (
				en,
				Base,
			);
			mainGroup = 150CFAF71D019AA500CBF3CA;
			productRefGroup = 150CFB011D019AA500CBF3CA /* Products */;
			projectDirPath = "";
			projectRoot = "";
			targets = (
				150CFAFF1D019AA500CBF3CA /* Smashtag */,
				150CFB161D019AA600CBF3CA /* SmashtagTests */,
				150CFB211D019AA600CBF3CA /* SmashtagUITests */,
			);
		};
/* End PBXProject section */

/* Begin PBXResourcesBuildPhase section */
		150CFAFE1D019AA500CBF3CA /* Resources */ = {
			isa = PBXResourcesBuildPhase;
			buildActionMask = 2147483647;
			files = (
				150CFB111D019AA600CBF3CA /* LaunchScreen.storyboard in Resources */,
				150CFB0E1D019AA600CBF3CA /* Assets.xcassets in Resources */,
				150CFB091D019AA600CBF3CA /* Main.storyboard in Resources */,
			);
			runOnlyForDeploymentPostprocessing = 0;
		};
		150CFB151D019AA600CBF3CA /* Resources */ = {
			isa = PBXResourcesBuildPhase;
			buildActionMask = 2147483647;
			files = (
			);
			runOnlyForDeploymentPostprocessing = 0;
		};
		150CFB201D019AA600CBF3CA /* Resources */ = {
			isa = PBXResourcesBuildPhase;
			buildActionMask = 2147483647;
			files = (
			);
			runOnlyForDeploymentPostprocessing = 0;
		};
/* End PBXResourcesBuildPhase section */

/* Begin PBXSourcesBuildPhase section */
		150CFAFC1D019AA500CBF3CA /* Sources */ = {
			isa = PBXSourcesBuildPhase;
			buildActionMask = 2147483647;
			files = (
				15AE95B81D189376009078EE /* TwitterMentionsPopularityViewController.swift in Sources */,
				150CFB361D019B3500CBF3CA /* TweetTableViewController.swift in Sources */,
				155A8CC31D1731E70001C358 /* Mention.swift in Sources */,
				15804F291EAC04D000863356 /* TweetCustomImageFlowLayout.swift in Sources */,
				150CFB0C1D019AA600CBF3CA /* Smashtag.xcdatamodeld in Sources */,
				15A2BF731D0D5A5B00944F4C /* TweetersTableViewController.swift in Sources */,
				15A2BF9C1D0D5E6200944F4C /* Tweet.swift in Sources */,
				15A2AAB11D0432410015190A /* TweetCollectionViewController.swift in Sources */,
				15CED3941D03522900AD6FFC /* TweetHistory.swift in Sources */,
				150CFB041D019AA600CBF3CA /* AppDelegate.swift in Sources */,
				15EEEC961EB49CB500433B59 /* TweetCoreDataHistoryViewController.swift in Sources */,
				15A2BF9F1D0D6A3E00944F4C /* CoreDataTableViewController.swift in Sources */,
				15CED3921D0351D800AD6FFC /* TweetHistoryTableViewController.swift in Sources */,
				15DCC2CA1D01C9FB00E04E17 /* TweetTableViewCell.swift in Sources */,
				15CED3901D03389000AD6FFC /* TweetImageViewController.swift in Sources */,
				15CED38C1D02E86100AD6FFC /* TweetTableViewMediaCell.swift in Sources */,
				15CED38E1D02E9FE00AD6FFC /* TweetMentionsTableViewController.swift in Sources */,
				15A2AAB31D0432540015190A /* TweetCollectionViewCell.swift in Sources */,
				15ED63B21EB62DFC00F603BA /* FetchedResultsTableViewController.swift in Sources */,
				150CFB3C1D01C65C00CBF3CA /* Constants.swift in Sources */,
				15815B661EB277EE00612896 /* TweetCoreDataViewController.swift in Sources */,
				15A2BF9A1D0D5E6200944F4C /* TwitterUser.swift in Sources */,
			);
			runOnlyForDeploymentPostprocessing = 0;
		};
		150CFB131D019AA600CBF3CA /* Sources */ = {
			isa = PBXSourcesBuildPhase;
			buildActionMask = 2147483647;
			files = (
				150CFB1C1D019AA600CBF3CA /* SmashtagTests.swift in Sources */,
			);
			runOnlyForDeploymentPostprocessing = 0;
		};
		150CFB1E1D019AA600CBF3CA /* Sources */ = {
			isa = PBXSourcesBuildPhase;
			buildActionMask = 2147483647;
			files = (
				150CFB271D019AA600CBF3CA /* SmashtagUITests.swift in Sources */,
			);
			runOnlyForDeploymentPostprocessing = 0;
		};
/* End PBXSourcesBuildPhase section */

/* Begin PBXTargetDependency section */
		150CFB191D019AA600CBF3CA /* PBXTargetDependency */ = {
			isa = PBXTargetDependency;
			target = 150CFAFF1D019AA500CBF3CA /* Smashtag */;
			targetProxy = 150CFB181D019AA600CBF3CA /* PBXContainerItemProxy */;
		};
		150CFB241D019AA600CBF3CA /* PBXTargetDependency */ = {
			isa = PBXTargetDependency;
			target = 150CFAFF1D019AA500CBF3CA /* Smashtag */;
			targetProxy = 150CFB231D019AA600CBF3CA /* PBXContainerItemProxy */;
		};
/* End PBXTargetDependency section */

/* Begin PBXVariantGroup section */
		150CFB071D019AA600CBF3CA /* Main.storyboard */ = {
			isa = PBXVariantGroup;
			children = (
				150CFB081D019AA600CBF3CA /* Base */,
			);
			name = Main.storyboard;
			sourceTree = "<group>";
		};
		150CFB0F1D019AA600CBF3CA /* LaunchScreen.storyboard */ = {
			isa = PBXVariantGroup;
			children = (
				150CFB101D019AA600CBF3CA /* Base */,
			);
			name = LaunchScreen.storyboard;
			sourceTree = "<group>";
		};
/* End PBXVariantGroup section */

/* Begin XCBuildConfiguration section */
		150CFB291D019AA600CBF3CA /* Debug */ = {
			isa = XCBuildConfiguration;
			buildSettings = {
				ALWAYS_EMBED_SWIFT_STANDARD_LIBRARIES = YES;
				ALWAYS_SEARCH_USER_PATHS = NO;
				CLANG_CXX_LANGUAGE_STANDARD = "gnu++0x";
				CLANG_CXX_LIBRARY = "libc++";
				CLANG_ENABLE_MODULES = YES;
				CLANG_ENABLE_OBJC_ARC = YES;
				CLANG_WARN_BOOL_CONVERSION = YES;
				CLANG_WARN_CONSTANT_CONVERSION = YES;
				CLANG_WARN_DIRECT_OBJC_ISA_USAGE = YES_ERROR;
				CLANG_WARN_EMPTY_BODY = YES;
				CLANG_WARN_ENUM_CONVERSION = YES;
				CLANG_WARN_INFINITE_RECURSION = YES;
				CLANG_WARN_INT_CONVERSION = YES;
				CLANG_WARN_OBJC_ROOT_CLASS = YES_ERROR;
				CLANG_WARN_SUSPICIOUS_MOVE = YES;
				CLANG_WARN_UNREACHABLE_CODE = YES;
				CLANG_WARN__DUPLICATE_METHOD_MATCH = YES;
				"CODE_SIGN_IDENTITY[sdk=iphoneos*]" = "iPhone Developer";
				COPY_PHASE_STRIP = NO;
				DEBUG_INFORMATION_FORMAT = dwarf;
				EMBED_ASSET_PACKS_IN_PRODUCT_BUNDLE = YES;
				ENABLE_STRICT_OBJC_MSGSEND = YES;
				ENABLE_TESTABILITY = YES;
				GCC_C_LANGUAGE_STANDARD = gnu99;
				GCC_DYNAMIC_NO_PIC = NO;
				GCC_NO_COMMON_BLOCKS = YES;
				GCC_OPTIMIZATION_LEVEL = 0;
				GCC_PREPROCESSOR_DEFINITIONS = (
					"DEBUG=1",
					"$(inherited)",
				);
				GCC_WARN_64_TO_32_BIT_CONVERSION = YES;
				GCC_WARN_ABOUT_RETURN_TYPE = YES_ERROR;
				GCC_WARN_UNDECLARED_SELECTOR = YES;
				GCC_WARN_UNINITIALIZED_AUTOS = YES_AGGRESSIVE;
				GCC_WARN_UNUSED_FUNCTION = YES;
				GCC_WARN_UNUSED_VARIABLE = YES;
				IPHONEOS_DEPLOYMENT_TARGET = 9.0;
				LD_RUNPATH_SEARCH_PATHS = "@executable_path/Frameworks";
				MTL_ENABLE_DEBUG_INFO = YES;
				ONLY_ACTIVE_ARCH = YES;
				SDKROOT = iphoneos;
				SWIFT_OPTIMIZATION_LEVEL = "-Onone";
				SWIFT_VERSION = 3.0;
			};
			name = Debug;
		};
		150CFB2A1D019AA600CBF3CA /* Release */ = {
			isa = XCBuildConfiguration;
			buildSettings = {
				ALWAYS_EMBED_SWIFT_STANDARD_LIBRARIES = YES;
				ALWAYS_SEARCH_USER_PATHS = NO;
				CLANG_CXX_LANGUAGE_STANDARD = "gnu++0x";
				CLANG_CXX_LIBRARY = "libc++";
				CLANG_ENABLE_MODULES = YES;
				CLANG_ENABLE_OBJC_ARC = YES;
				CLANG_WARN_BOOL_CONVERSION = YES;
				CLANG_WARN_CONSTANT_CONVERSION = YES;
				CLANG_WARN_DIRECT_OBJC_ISA_USAGE = YES_ERROR;
				CLANG_WARN_EMPTY_BODY = YES;
				CLANG_WARN_ENUM_CONVERSION = YES;
				CLANG_WARN_INFINITE_RECURSION = YES;
				CLANG_WARN_INT_CONVERSION = YES;
				CLANG_WARN_OBJC_ROOT_CLASS = YES_ERROR;
				CLANG_WARN_SUSPICIOUS_MOVE = YES;
				CLANG_WARN_UNREACHABLE_CODE = YES;
				CLANG_WARN__DUPLICATE_METHOD_MATCH = YES;
				"CODE_SIGN_IDENTITY[sdk=iphoneos*]" = "iPhone Developer";
				COPY_PHASE_STRIP = NO;
				DEBUG_INFORMATION_FORMAT = "dwarf-with-dsym";
				EMBED_ASSET_PACKS_IN_PRODUCT_BUNDLE = YES;
				ENABLE_NS_ASSERTIONS = NO;
				ENABLE_STRICT_OBJC_MSGSEND = YES;
				GCC_C_LANGUAGE_STANDARD = gnu99;
				GCC_NO_COMMON_BLOCKS = YES;
				GCC_WARN_64_TO_32_BIT_CONVERSION = YES;
				GCC_WARN_ABOUT_RETURN_TYPE = YES_ERROR;
				GCC_WARN_UNDECLARED_SELECTOR = YES;
				GCC_WARN_UNINITIALIZED_AUTOS = YES_AGGRESSIVE;
				GCC_WARN_UNUSED_FUNCTION = YES;
				GCC_WARN_UNUSED_VARIABLE = YES;
				IPHONEOS_DEPLOYMENT_TARGET = 9.0;
				LD_RUNPATH_SEARCH_PATHS = "@executable_path/Frameworks";
				MTL_ENABLE_DEBUG_INFO = NO;
				SDKROOT = iphoneos;
				SWIFT_OPTIMIZATION_LEVEL = "-Owholemodule";
				SWIFT_VERSION = 3.0;
				VALIDATE_PRODUCT = YES;
			};
			name = Release;
		};
		150CFB2C1D019AA600CBF3CA /* Debug */ = {
			isa = XCBuildConfiguration;
			buildSettings = {
				ASSETCATALOG_COMPILER_APPICON_NAME = AppIcon;
				DEVELOPMENT_TEAM = AUFQ3J8C8H;
				EMBED_ASSET_PACKS_IN_PRODUCT_BUNDLE = YES;
				INFOPLIST_FILE = Smashtag/Info.plist;
				IPHONEOS_DEPLOYMENT_TARGET = 10.0;
				LD_RUNPATH_SEARCH_PATHS = "@executable_path/Frameworks";
				PRODUCT_BUNDLE_IDENTIFIER = com.michelangelo.Smashtag;
				PRODUCT_NAME = "$(TARGET_NAME)";
				SWIFT_VERSION = 3.0;
			};
			name = Debug;
		};
		150CFB2D1D019AA600CBF3CA /* Release */ = {
			isa = XCBuildConfiguration;
			buildSettings = {
				ASSETCATALOG_COMPILER_APPICON_NAME = AppIcon;
				DEVELOPMENT_TEAM = AUFQ3J8C8H;
				EMBED_ASSET_PACKS_IN_PRODUCT_BUNDLE = YES;
				INFOPLIST_FILE = Smashtag/Info.plist;
				IPHONEOS_DEPLOYMENT_TARGET = 10.0;
				LD_RUNPATH_SEARCH_PATHS = "@executable_path/Frameworks";
				PRODUCT_BUNDLE_IDENTIFIER = com.michelangelo.Smashtag;
				PRODUCT_NAME = "$(TARGET_NAME)";
				SWIFT_VERSION = 3.0;
			};
			name = Release;
		};
		150CFB2F1D019AA600CBF3CA /* Debug */ = {
			isa = XCBuildConfiguration;
			buildSettings = {
				ALWAYS_EMBED_SWIFT_STANDARD_LIBRARIES = YES;
				BUNDLE_LOADER = "$(TEST_HOST)";
				EMBED_ASSET_PACKS_IN_PRODUCT_BUNDLE = YES;
				INFOPLIST_FILE = SmashtagTests/Info.plist;
				LD_RUNPATH_SEARCH_PATHS = "$(inherited) @executable_path/Frameworks @loader_path/Frameworks";
				PRODUCT_BUNDLE_IDENTIFIER = com.michelangelo.SmashtagTests;
				PRODUCT_NAME = "$(TARGET_NAME)";
				SWIFT_VERSION = 3.0;
				TEST_HOST = "$(BUILT_PRODUCTS_DIR)/Smashtag.app/Smashtag";
			};
			name = Debug;
		};
		150CFB301D019AA600CBF3CA /* Release */ = {
			isa = XCBuildConfiguration;
			buildSettings = {
				ALWAYS_EMBED_SWIFT_STANDARD_LIBRARIES = YES;
				BUNDLE_LOADER = "$(TEST_HOST)";
				EMBED_ASSET_PACKS_IN_PRODUCT_BUNDLE = YES;
				INFOPLIST_FILE = SmashtagTests/Info.plist;
				LD_RUNPATH_SEARCH_PATHS = "$(inherited) @executable_path/Frameworks @loader_path/Frameworks";
				PRODUCT_BUNDLE_IDENTIFIER = com.michelangelo.SmashtagTests;
				PRODUCT_NAME = "$(TARGET_NAME)";
				SWIFT_VERSION = 3.0;
				TEST_HOST = "$(BUILT_PRODUCTS_DIR)/Smashtag.app/Smashtag";
			};
			name = Release;
		};
		150CFB321D019AA600CBF3CA /* Debug */ = {
			isa = XCBuildConfiguration;
			buildSettings = {
				INFOPLIST_FILE = SmashtagUITests/Info.plist;
				LD_RUNPATH_SEARCH_PATHS = "$(inherited) @executable_path/Frameworks @loader_path/Frameworks";
				PRODUCT_BUNDLE_IDENTIFIER = com.michelangelo.SmashtagUITests;
				PRODUCT_NAME = "$(TARGET_NAME)";
				SWIFT_VERSION = 3.0;
				TEST_TARGET_NAME = Smashtag;
				USES_XCTRUNNER = YES;
			};
			name = Debug;
		};
		150CFB331D019AA600CBF3CA /* Release */ = {
			isa = XCBuildConfiguration;
			buildSettings = {
				INFOPLIST_FILE = SmashtagUITests/Info.plist;
				LD_RUNPATH_SEARCH_PATHS = "$(inherited) @executable_path/Frameworks @loader_path/Frameworks";
				PRODUCT_BUNDLE_IDENTIFIER = com.michelangelo.SmashtagUITests;
				PRODUCT_NAME = "$(TARGET_NAME)";
				SWIFT_VERSION = 3.0;
				TEST_TARGET_NAME = Smashtag;
				USES_XCTRUNNER = YES;
			};
			name = Release;
		};
/* End XCBuildConfiguration section */

/* Begin XCConfigurationList section */
		150CFAFB1D019AA500CBF3CA /* Build configuration list for PBXProject "Smashtag" */ = {
			isa = XCConfigurationList;
			buildConfigurations = (
				150CFB291D019AA600CBF3CA /* Debug */,
				150CFB2A1D019AA600CBF3CA /* Release */,
			);
			defaultConfigurationIsVisible = 0;
			defaultConfigurationName = Release;
		};
		150CFB2B1D019AA600CBF3CA /* Build configuration list for PBXNativeTarget "Smashtag" */ = {
			isa = XCConfigurationList;
			buildConfigurations = (
				150CFB2C1D019AA600CBF3CA /* Debug */,
				150CFB2D1D019AA600CBF3CA /* Release */,
			);
			defaultConfigurationIsVisible = 0;
			defaultConfigurationName = Release;
		};
		150CFB2E1D019AA600CBF3CA /* Build configuration list for PBXNativeTarget "SmashtagTests" */ = {
			isa = XCConfigurationList;
			buildConfigurations = (
				150CFB2F1D019AA600CBF3CA /* Debug */,
				150CFB301D019AA600CBF3CA /* Release */,
			);
			defaultConfigurationIsVisible = 0;
			defaultConfigurationName = Release;
		};
		150CFB311D019AA600CBF3CA /* Build configuration list for PBXNativeTarget "SmashtagUITests" */ = {
			isa = XCConfigurationList;
			buildConfigurations = (
				150CFB321D019AA600CBF3CA /* Debug */,
				150CFB331D019AA600CBF3CA /* Release */,
			);
			defaultConfigurationIsVisible = 0;
			defaultConfigurationName = Release;
		};
/* End XCConfigurationList section */

/* Begin XCVersionGroup section */
		150CFB0A1D019AA600CBF3CA /* Smashtag.xcdatamodeld */ = {
			isa = XCVersionGroup;
			children = (
				150CFB0B1D019AA600CBF3CA /* Smashtag.xcdatamodel */,
			);
			currentVersion = 150CFB0B1D019AA600CBF3CA /* Smashtag.xcdatamodel */;
			path = Smashtag.xcdatamodeld;
			sourceTree = "<group>";
			versionGroupType = wrapper.xcdatamodel;
		};
/* End XCVersionGroup section */
	};
	rootObject = 150CFAF81D019AA500CBF3CA /* Project object */;
}
